{
  "name": "grid-tac-toe",
  "lockfileVersion": 2,
  "requires": true,
  "packages": {
    "": {
      "dependencies": {
        "nbb": "1.0.140"
      },
      "devDependencies": {
        "@tinyhttp/app": "^2.0.22",
        "@tinyhttp/cors": "^2.0.0",
        "@tinyhttp/logger": "^1.3.0",
        "milliparsec": "^2.2.2"
      }
    },
    "node_modules/@tinyhttp/accepts": {
      "version": "2.0.7",
      "resolved": "https://registry.npmjs.org/@tinyhttp/accepts/-/accepts-2.0.7.tgz",
      "integrity": "sha512-pqyoBStdAD0w1t6M2215OIXXELVbDTaWNP8s6NxggSsgIWiQUMgpmcW+6psACclLNrwqeUwRwzcwEHHR4GIaKQ==",
      "dev": true,
      "dependencies": {
        "es-mime-types": "^0.1.4",
        "negotiator": "^0.6.3"
      },
      "engines": {
        "node": ">=12.4.0"
      },
      "funding": {
        "type": "individual",
        "url": "https://github.com/tinyhttp/tinyhttp?sponsor=1"
      }
    },
    "node_modules/@tinyhttp/app": {
      "version": "2.0.25",
      "resolved": "https://registry.npmjs.org/@tinyhttp/app/-/app-2.0.25.tgz",
      "integrity": "sha512-1l9ig/bx0RE9hJoEBYwpydvzU6oywOOBP+NL1rF/nmhne/DDNTkfiJq8eXFX1WyQeOkAFyNjWLinFl9uh2i6sA==",
      "dev": true,
      "dependencies": {
        "@tinyhttp/cookie": "2.0.5",
        "@tinyhttp/proxy-addr": "2.0.5",
        "@tinyhttp/req": "2.0.14",
        "@tinyhttp/res": "2.0.19",
        "@tinyhttp/router": "2.0.6",
        "header-range-parser": "1.1.3",
        "regexparam": "^2.0.1"
      },
      "engines": {
        "node": ">=12.x"
      },
      "funding": {
        "type": "individual",
        "url": "https://github.com/tinyhttp/tinyhttp?sponsor=1"
      }
    },
    "node_modules/@tinyhttp/content-disposition": {
      "version": "2.0.7",
      "resolved": "https://registry.npmjs.org/@tinyhttp/content-disposition/-/content-disposition-2.0.7.tgz",
      "integrity": "sha512-zzw5ya3VkH+JLZEegjZZ7dXw5lQRFMFgQI8VcP7w0Wo7YPViOseuk2wsn9S/8oG5ox5jkVwL/+VPUnr1flfWtA==",
      "dev": true,
      "engines": {
        "node": ">=12.4.0"
      },
      "funding": {
        "type": "individual",
        "url": "https://github.com/tinyhttp/tinyhttp?sponsor=1"
      }
    },
    "node_modules/@tinyhttp/cookie": {
      "version": "2.0.5",
      "resolved": "https://registry.npmjs.org/@tinyhttp/cookie/-/cookie-2.0.5.tgz",
      "integrity": "sha512-fQxpzkD4pe9hv401DC5981RB1+T57bNCAh5Y/4Y1+AfaPcKUnyeSRHy1v6NkT0qF51PlXYPPpzm2X84PZIhKJw==",
      "dev": true,
      "engines": {
        "node": ">=12.4.0"
      },
      "funding": {
        "type": "individual",
        "url": "https://github.com/tinyhttp/tinyhttp?sponsor=1"
      }
    },
    "node_modules/@tinyhttp/cookie-signature": {
      "version": "2.0.5",
      "resolved": "https://registry.npmjs.org/@tinyhttp/cookie-signature/-/cookie-signature-2.0.5.tgz",
      "integrity": "sha512-TTCHTZFOz2YPSZUxOuae5k1fiMsYAPoTRr3O1pUjD4KRdL8K6Tht78Dtn0rFb1ja0eMl4ytMas8NyDoPGDaJ7w==",
      "dev": true,
      "engines": {
        "node": ">=12.4.0"
      }
    },
    "node_modules/@tinyhttp/cors": {
      "version": "2.0.0",
      "resolved": "https://registry.npmjs.org/@tinyhttp/cors/-/cors-2.0.0.tgz",
      "integrity": "sha512-IwQsPBnK+gRrhTsPA4FPOfbNzZZt8cVsOIMNFb6HzoScaiWcoLEogL0Bz/aBSm8KM13uieVXoVT6udMqhqUS2A==",
      "dev": true,
      "dependencies": {
        "es-vary": "^0.1.1"
      },
      "engines": {
        "node": ">=12.4 || 14.x || >=16"
      }
    },
    "node_modules/@tinyhttp/encode-url": {
      "version": "2.0.6",
      "resolved": "https://registry.npmjs.org/@tinyhttp/encode-url/-/encode-url-2.0.6.tgz",
      "integrity": "sha512-bpzgdQTwWnFd2+/wB4P8n8iX7vGGa4H0NePUhjb7VPBRfciCIq9fwzQTrDzTUMLs++qsBqG9q5RFaP0AgeWnmA==",
      "dev": true,
      "engines": {
        "node": ">=12.4.0"
      }
    },
    "node_modules/@tinyhttp/etag": {
      "version": "2.0.5",
      "resolved": "https://registry.npmjs.org/@tinyhttp/etag/-/etag-2.0.5.tgz",
      "integrity": "sha512-T+UO/N6acv7aJ5SBaySzVXr4fnibye2ykvJYQxA/EdVf03P+jGmLZI4IRd4isWvpaJyF0v5IWtitvN9X+SPEPg==",
      "dev": true,
      "engines": {
        "node": ">=12.4.0"
      }
    },
    "node_modules/@tinyhttp/forwarded": {
      "version": "2.0.5",
      "resolved": "https://registry.npmjs.org/@tinyhttp/forwarded/-/forwarded-2.0.5.tgz",
      "integrity": "sha512-21Zzu54LQluEtteELAweeU5pssvHEp4uxTjYRzHQ/dN5vake6Ghsr87nk+rlvcTXJsbl95ADyt9EHO6EWr1PhQ==",
      "dev": true,
      "engines": {
        "node": ">=12.4.0"
      }
    },
    "node_modules/@tinyhttp/logger": {
      "version": "1.3.0",
      "resolved": "https://registry.npmjs.org/@tinyhttp/logger/-/logger-1.3.0.tgz",
      "integrity": "sha512-u8vbW8OEPur3ZlkJGNO+Nl/xw78cdIaDAcWMUEg7o3UY9L5xezMQcLBPX8ykJLEB+Yl+BDmTvt1s1LzkwM6mNQ==",
      "dev": true,
      "dependencies": {
        "colorette": "^1.2.2",
        "dayjs": "^1.10.4",
        "http-status-emojis": "^2.2.0"
      },
      "engines": {
        "node": ">=12.4.0"
      }
    },
    "node_modules/@tinyhttp/proxy-addr": {
      "version": "2.0.5",
      "resolved": "https://registry.npmjs.org/@tinyhttp/proxy-addr/-/proxy-addr-2.0.5.tgz",
      "integrity": "sha512-dO1l/dEUVcFVKjCt6/zNFyDq0hOZdZua9pmUKpzQwDwRd8ycPgRJvUzzrBrcGQsK65fFjRY/gZInEqXtpUyohw==",
      "dev": true,
      "dependencies": {
        "@tinyhttp/forwarded": "2.0.5",
        "ipaddr.js": "^2.0.1"
      },
      "engines": {
        "node": ">=12.4.0"
      }
    },
    "node_modules/@tinyhttp/req": {
      "version": "2.0.14",
      "resolved": "https://registry.npmjs.org/@tinyhttp/req/-/req-2.0.14.tgz",
      "integrity": "sha512-3ueLQjpMvcGRFRqN+MDnitCWDuseN+jiWjBtp6gtQPH4p1xmBHBKB9SrJEklWMRtmXnTu6jOFr9U5H0JsvyoXA==",
      "dev": true,
      "dependencies": {
        "@tinyhttp/accepts": "2.0.7",
        "@tinyhttp/type-is": "2.0.6",
        "@tinyhttp/url": "2.0.7",
        "es-fresh": "^0.0.10",
        "header-range-parser": "^1.1.3"
      },
      "engines": {
        "node": ">=12.4.0"
      }
    },
    "node_modules/@tinyhttp/res": {
      "version": "2.0.19",
      "resolved": "https://registry.npmjs.org/@tinyhttp/res/-/res-2.0.19.tgz",
      "integrity": "sha512-yxgs6c4rYi+9FrMjms9mJ68nxN/Wkxt9oX1bQHcavSts6+TX+UXMjZAA7fXpxF4mzUCeNKu4SfODDAiWpJuOLQ==",
      "dev": true,
      "dependencies": {
        "@tinyhttp/content-disposition": "2.0.7",
        "@tinyhttp/cookie": "2.0.5",
        "@tinyhttp/cookie-signature": "2.0.5",
        "@tinyhttp/encode-url": "2.0.6",
        "@tinyhttp/req": "2.0.14",
        "@tinyhttp/send": "2.0.7",
        "es-escape-html": "^0.1.1",
        "es-mime-types": "^0.1.4",
        "es-vary": "^0.1.2"
      },
      "engines": {
        "node": ">=12.4.0"
      }
    },
    "node_modules/@tinyhttp/router": {
      "version": "2.0.6",
      "resolved": "https://registry.npmjs.org/@tinyhttp/router/-/router-2.0.6.tgz",
      "integrity": "sha512-AOevuqvl+zSg5nsu7iwgUQKIxtWhwIFAoehhh/NP4WI2N6qu0nNJNsHJuyHxmT76KAOKt9+AdyOQMbvfrfctmg==",
      "dev": true,
      "engines": {
        "node": ">=12.4.0"
      }
    },
    "node_modules/@tinyhttp/send": {
      "version": "2.0.7",
      "resolved": "https://registry.npmjs.org/@tinyhttp/send/-/send-2.0.7.tgz",
      "integrity": "sha512-db4kIAICyYlSwhmmEEbW4ejMVQJgfPqEuLthN9djRa7x7A8cas+SMMzQ+wSffA/okqW3cMz39bxj9A6PF0FnaQ==",
      "dev": true,
      "dependencies": {
        "@tinyhttp/etag": "2.0.5",
        "es-content-type": "^0.1.0",
        "es-mime-types": "^0.1.4"
      },
      "engines": {
        "node": ">=12.4.0"
      }
    },
    "node_modules/@tinyhttp/type-is": {
      "version": "2.0.6",
      "resolved": "https://registry.npmjs.org/@tinyhttp/type-is/-/type-is-2.0.6.tgz",
      "integrity": "sha512-CBZXZ78Ot0oF/0mAYgMsdCHg8aiCdNbpJjEzRloQIDaiafiODyEXT84diPJL46X2dcG5+jVYkXAZUOk6p0ZKUA==",
      "dev": true,
      "dependencies": {
        "es-content-type": "^0.1.0",
        "es-mime-types": "^0.1.4"
      },
      "engines": {
        "node": ">=12.4.0"
      }
    },
    "node_modules/@tinyhttp/url": {
      "version": "2.0.7",
      "resolved": "https://registry.npmjs.org/@tinyhttp/url/-/url-2.0.7.tgz",
      "integrity": "sha512-t2MDbvkT2K9hMpkvkWO7InQDalV8PsVNBKN9CqWr/AgEw+6d8mPlQCWjl/hV5bIvL6u6usSJg56JQub3Fh/P7w==",
      "dev": true,
      "engines": {
        "node": ">=12.4.0"
      }
    },
    "node_modules/colorette": {
      "version": "1.4.0",
      "resolved": "https://registry.npmjs.org/colorette/-/colorette-1.4.0.tgz",
      "integrity": "sha512-Y2oEozpomLn7Q3HFP7dpww7AtMJplbM9lGZP6RDfHqmbeRjiwRg4n6VM6j4KLmRke85uWEI7JqF17f3pqdRA0g==",
      "dev": true
    },
    "node_modules/dayjs": {
      "version": "1.11.6",
      "resolved": "https://registry.npmjs.org/dayjs/-/dayjs-1.11.6.tgz",
      "integrity": "sha512-zZbY5giJAinCG+7AGaw0wIhNZ6J8AhWuSXKvuc1KAyMiRsvGQWqh4L+MomvhdAYjN+lqvVCMq1I41e3YHvXkyQ==",
      "dev": true
    },
    "node_modules/es-content-type": {
      "version": "0.1.0",
      "resolved": "https://registry.npmjs.org/es-content-type/-/es-content-type-0.1.0.tgz",
      "integrity": "sha512-DqWU9pSzhNlO10q+NQ/KebImLkKbwbcy0pSv3hNQfEpKFHsrqDJz2vajpZdq7nkiG9DoJcTh22oHGymp7XJd9g==",
      "dev": true,
      "engines": {
        "node": ">=12.x"
      }
    },
    "node_modules/es-escape-html": {
      "version": "0.1.1",
      "resolved": "https://registry.npmjs.org/es-escape-html/-/es-escape-html-0.1.1.tgz",
      "integrity": "sha512-yUx1o+8RsG7UlszmYPtks+dm6Lho2m8lgHMOsLJQsFI0R8XwUJwiMhM1M4E/S8QLeGyf6MkDV/pWgjQ0tdTSyQ==",
      "dev": true,
      "engines": {
        "node": ">=12.x"
      }
    },
    "node_modules/es-fresh": {
      "version": "0.0.10",
      "resolved": "https://registry.npmjs.org/es-fresh/-/es-fresh-0.0.10.tgz",
      "integrity": "sha512-/e5etUqtxj7JktALldpsDNC84DOHavN9PqojnTTGeX1M2/Q4/SF8d55d7AsB3n66WYS43hdBbn0sAllto5kSIg==",
      "dev": true,
      "engines": {
        "node": ">=12.x"
      }
    },
    "node_modules/es-mime-types": {
      "version": "0.1.4",
      "resolved": "https://registry.npmjs.org/es-mime-types/-/es-mime-types-0.1.4.tgz",
      "integrity": "sha512-rUrmfrUIHU/4ykYB+YH80LDiSpmn6sE/A9E8EsFZP4LCtf/PH+ju6d6goFJ8fsGf81pRtQn1cJSmp8JGA9YkfQ==",
      "dev": true,
      "dependencies": {
        "mime-db": "^1.50.0"
      },
      "engines": {
        "node": ">=12.x"
      }
    },
    "node_modules/es-vary": {
      "version": "0.1.2",
      "resolved": "https://registry.npmjs.org/es-vary/-/es-vary-0.1.2.tgz",
      "integrity": "sha512-pLqqZoOutAXQXyBJrUYVNM5fZngiOJYi1Xl4svQMrluTsqDUOQlBMw9EYgLrsWL6niDYn/Yd1y2Pj6GC+j/yjA==",
      "dev": true,
      "engines": {
        "node": ">=12.x"
      }
    },
    "node_modules/header-range-parser": {
      "version": "1.1.3",
      "resolved": "https://registry.npmjs.org/header-range-parser/-/header-range-parser-1.1.3.tgz",
      "integrity": "sha512-B9zCFt3jH8g09LR1vHL4pcAn8yMEtlSlOUdQemzHMRKMImNIhhszdeosYFfNW0WXKQtXIlWB+O4owHJKvEJYaA==",
      "dev": true,
      "engines": {
        "node": ">=12.22.0"
      }
    },
    "node_modules/http-status-emojis": {
      "version": "2.2.0",
      "resolved": "https://registry.npmjs.org/http-status-emojis/-/http-status-emojis-2.2.0.tgz",
      "integrity": "sha512-ompKtgwpx8ff0hsbpIB7oE4ax1LXoHmftsHHStMELX56ivG3GhofTX8ZHWlUaFKfGjcGjw6G3rPk7dJRXMmbbg==",
      "dev": true
    },
    "node_modules/import-meta-resolve": {
      "version": "2.1.0",
      "resolved": "https://registry.npmjs.org/import-meta-resolve/-/import-meta-resolve-2.1.0.tgz",
      "integrity": "sha512-yG9pxkWJVTy4cmRsNWE3ztFdtFuYIV8G4N+cbCkO8b+qngkLyIUhxQFuZ0qJm67+0nUOxjMPT7nfksPKza1v2g==",
      "funding": {
        "type": "github",
        "url": "https://github.com/sponsors/wooorm"
      }
    },
    "node_modules/ipaddr.js": {
      "version": "2.0.1",
      "resolved": "https://registry.npmjs.org/ipaddr.js/-/ipaddr.js-2.0.1.tgz",
      "integrity": "sha512-1qTgH9NG+IIJ4yfKs2e6Pp1bZg8wbDbKHT21HrLIeYBTRLgMYKnMTPAuI3Lcs61nfx5h1xlXnbJtH1kX5/d/ng==",
      "dev": true,
      "engines": {
        "node": ">= 10"
      }
    },
    "node_modules/milliparsec": {
      "version": "2.2.2",
      "resolved": "https://registry.npmjs.org/milliparsec/-/milliparsec-2.2.2.tgz",
      "integrity": "sha512-TvAwN6RwLpdeY8+ly4JHxC8fTE5wS1rpg3BpltJd9W7oiY4yZtlCsfIXeLw493p3+9ihpTtvQ6ovnTp3o11wyQ==",
      "dev": true,
      "engines": {
        "node": ">=12.4"
      }
    },
    "node_modules/mime-db": {
      "version": "1.52.0",
      "resolved": "https://registry.npmjs.org/mime-db/-/mime-db-1.52.0.tgz",
      "integrity": "sha512-sPU4uV7dYlvtWJxwwxHD0PuihVNiE7TyAbQ5SWxDCB9mUYvOgroQOwYQQOKPJ8CIbE+1ETVlOoK1UC2nU3gYvg==",
      "dev": true,
      "engines": {
        "node": ">= 0.6"
      }
    },
    "node_modules/nbb": {
      "version": "1.0.140",
      "resolved": "https://registry.npmjs.org/nbb/-/nbb-1.0.140.tgz",
      "integrity": "sha512-IwxfMCnveHV0VhPrONKXH9PkN+bYAUTk+fv3kYHhvq4Ajqs+EnrqgZSymdgiB5e0kny/TaHEtxE1k89RpdKCng==",
      "dependencies": {
        "import-meta-resolve": "^2.1.0"
      },
      "bin": {
        "nbb": "cli.js",
        "nbbun": "nbbun.js"
      }
    },
    "node_modules/negotiator": {
      "version": "0.6.3",
      "resolved": "https://registry.npmjs.org/negotiator/-/negotiator-0.6.3.tgz",
      "integrity": "sha512-+EUsqGPLsM+j/zdChZjsnX51g4XrHFOIXwfnCVPGlQk/k5giakcKsuxCObBRu6DSm9opw/O6slWbJdghQM4bBg==",
      "dev": true,
      "engines": {
        "node": ">= 0.6"
      }
    },
    "node_modules/regexparam": {
      "version": "2.0.1",
      "resolved": "https://registry.npmjs.org/regexparam/-/regexparam-2.0.1.tgz",
      "integrity": "sha512-zRgSaYemnNYxUv+/5SeoHI0eJIgTL/A2pUtXUPLHQxUldagouJ9p+K6IbIZ/JiQuCEv2E2B1O11SjVQy3aMCkw==",
      "dev": true,
      "engines": {
        "node": ">=8"
      }
    }
  },
  "dependencies": {
    "@tinyhttp/accepts": {
      "version": "2.0.7",
      "resolved": "https://registry.npmjs.org/@tinyhttp/accepts/-/accepts-2.0.7.tgz",
      "integrity": "sha512-pqyoBStdAD0w1t6M2215OIXXELVbDTaWNP8s6NxggSsgIWiQUMgpmcW+6psACclLNrwqeUwRwzcwEHHR4GIaKQ==",
      "dev": true,
      "requires": {
        "es-mime-types": "^0.1.4",
        "negotiator": "^0.6.3"
      }
    },
    "@tinyhttp/app": {
      "version": "2.0.25",
      "resolved": "https://registry.npmjs.org/@tinyhttp/app/-/app-2.0.25.tgz",
      "integrity": "sha512-1l9ig/bx0RE9hJoEBYwpydvzU6oywOOBP+NL1rF/nmhne/DDNTkfiJq8eXFX1WyQeOkAFyNjWLinFl9uh2i6sA==",
      "dev": true,
      "requires": {
        "@tinyhttp/cookie": "2.0.5",
        "@tinyhttp/proxy-addr": "2.0.5",
        "@tinyhttp/req": "2.0.14",
        "@tinyhttp/res": "2.0.19",
        "@tinyhttp/router": "2.0.6",
        "header-range-parser": "1.1.3",
        "regexparam": "^2.0.1"
      }
    },
    "@tinyhttp/content-disposition": {
      "version": "2.0.7",
      "resolved": "https://registry.npmjs.org/@tinyhttp/content-disposition/-/content-disposition-2.0.7.tgz",
      "integrity": "sha512-zzw5ya3VkH+JLZEegjZZ7dXw5lQRFMFgQI8VcP7w0Wo7YPViOseuk2wsn9S/8oG5ox5jkVwL/+VPUnr1flfWtA==",
      "dev": true
    },
    "@tinyhttp/cookie": {
      "version": "2.0.5",
      "resolved": "https://registry.npmjs.org/@tinyhttp/cookie/-/cookie-2.0.5.tgz",
      "integrity": "sha512-fQxpzkD4pe9hv401DC5981RB1+T57bNCAh5Y/4Y1+AfaPcKUnyeSRHy1v6NkT0qF51PlXYPPpzm2X84PZIhKJw==",
      "dev": true
    },
    "@tinyhttp/cookie-signature": {
      "version": "2.0.5",
      "resolved": "https://registry.npmjs.org/@tinyhttp/cookie-signature/-/cookie-signature-2.0.5.tgz",
      "integrity": "sha512-TTCHTZFOz2YPSZUxOuae5k1fiMsYAPoTRr3O1pUjD4KRdL8K6Tht78Dtn0rFb1ja0eMl4ytMas8NyDoPGDaJ7w==",
      "dev": true
    },
    "@tinyhttp/cors": {
      "version": "2.0.0",
      "resolved": "https://registry.npmjs.org/@tinyhttp/cors/-/cors-2.0.0.tgz",
      "integrity": "sha512-IwQsPBnK+gRrhTsPA4FPOfbNzZZt8cVsOIMNFb6HzoScaiWcoLEogL0Bz/aBSm8KM13uieVXoVT6udMqhqUS2A==",
      "dev": true,
      "requires": {
        "es-vary": "^0.1.1"
      }
    },
    "@tinyhttp/encode-url": {
      "version": "2.0.6",
      "resolved": "https://registry.npmjs.org/@tinyhttp/encode-url/-/encode-url-2.0.6.tgz",
      "integrity": "sha512-bpzgdQTwWnFd2+/wB4P8n8iX7vGGa4H0NePUhjb7VPBRfciCIq9fwzQTrDzTUMLs++qsBqG9q5RFaP0AgeWnmA==",
      "dev": true
    },
    "@tinyhttp/etag": {
      "version": "2.0.5",
      "resolved": "https://registry.npmjs.org/@tinyhttp/etag/-/etag-2.0.5.tgz",
      "integrity": "sha512-T+UO/N6acv7aJ5SBaySzVXr4fnibye2ykvJYQxA/EdVf03P+jGmLZI4IRd4isWvpaJyF0v5IWtitvN9X+SPEPg==",
      "dev": true
    },
    "@tinyhttp/forwarded": {
      "version": "2.0.5",
      "resolved": "https://registry.npmjs.org/@tinyhttp/forwarded/-/forwarded-2.0.5.tgz",
      "integrity": "sha512-21Zzu54LQluEtteELAweeU5pssvHEp4uxTjYRzHQ/dN5vake6Ghsr87nk+rlvcTXJsbl95ADyt9EHO6EWr1PhQ==",
      "dev": true
    },
    "@tinyhttp/logger": {
      "version": "1.3.0",
      "resolved": "https://registry.npmjs.org/@tinyhttp/logger/-/logger-1.3.0.tgz",
      "integrity": "sha512-u8vbW8OEPur3ZlkJGNO+Nl/xw78cdIaDAcWMUEg7o3UY9L5xezMQcLBPX8ykJLEB+Yl+BDmTvt1s1LzkwM6mNQ==",
      "dev": true,
      "requires": {
        "colorette": "^1.2.2",
        "dayjs": "^1.10.4",
        "http-status-emojis": "^2.2.0"
      }
    },
    "@tinyhttp/proxy-addr": {
      "version": "2.0.5",
      "resolved": "https://registry.npmjs.org/@tinyhttp/proxy-addr/-/proxy-addr-2.0.5.tgz",
      "integrity": "sha512-dO1l/dEUVcFVKjCt6/zNFyDq0hOZdZua9pmUKpzQwDwRd8ycPgRJvUzzrBrcGQsK65fFjRY/gZInEqXtpUyohw==",
      "dev": true,
      "requires": {
        "@tinyhttp/forwarded": "2.0.5",
        "ipaddr.js": "^2.0.1"
      }
    },
    "@tinyhttp/req": {
      "version": "2.0.14",
      "resolved": "https://registry.npmjs.org/@tinyhttp/req/-/req-2.0.14.tgz",
      "integrity": "sha512-3ueLQjpMvcGRFRqN+MDnitCWDuseN+jiWjBtp6gtQPH4p1xmBHBKB9SrJEklWMRtmXnTu6jOFr9U5H0JsvyoXA==",
      "dev": true,
      "requires": {
        "@tinyhttp/accepts": "2.0.7",
        "@tinyhttp/type-is": "2.0.6",
        "@tinyhttp/url": "2.0.7",
        "es-fresh": "^0.0.10",
        "header-range-parser": "^1.1.3"
      }
    },
    "@tinyhttp/res": {
      "version": "2.0.19",
      "resolved": "https://registry.npmjs.org/@tinyhttp/res/-/res-2.0.19.tgz",
      "integrity": "sha512-yxgs6c4rYi+9FrMjms9mJ68nxN/Wkxt9oX1bQHcavSts6+TX+UXMjZAA7fXpxF4mzUCeNKu4SfODDAiWpJuOLQ==",
      "dev": true,
      "requires": {
        "@tinyhttp/content-disposition": "2.0.7",
        "@tinyhttp/cookie": "2.0.5",
        "@tinyhttp/cookie-signature": "2.0.5",
        "@tinyhttp/encode-url": "2.0.6",
        "@tinyhttp/req": "2.0.14",
        "@tinyhttp/send": "2.0.7",
        "es-escape-html": "^0.1.1",
        "es-mime-types": "^0.1.4",
        "es-vary": "^0.1.2"
      }
    },
    "@tinyhttp/router": {
      "version": "2.0.6",
      "resolved": "https://registry.npmjs.org/@tinyhttp/router/-/router-2.0.6.tgz",
      "integrity": "sha512-AOevuqvl+zSg5nsu7iwgUQKIxtWhwIFAoehhh/NP4WI2N6qu0nNJNsHJuyHxmT76KAOKt9+AdyOQMbvfrfctmg==",
      "dev": true
    },
    "@tinyhttp/send": {
      "version": "2.0.7",
      "resolved": "https://registry.npmjs.org/@tinyhttp/send/-/send-2.0.7.tgz",
      "integrity": "sha512-db4kIAICyYlSwhmmEEbW4ejMVQJgfPqEuLthN9djRa7x7A8cas+SMMzQ+wSffA/okqW3cMz39bxj9A6PF0FnaQ==",
      "dev": true,
      "requires": {
        "@tinyhttp/etag": "2.0.5",
        "es-content-type": "^0.1.0",
        "es-mime-types": "^0.1.4"
      }
    },
    "@tinyhttp/type-is": {
      "version": "2.0.6",
      "resolved": "https://registry.npmjs.org/@tinyhttp/type-is/-/type-is-2.0.6.tgz",
      "integrity": "sha512-CBZXZ78Ot0oF/0mAYgMsdCHg8aiCdNbpJjEzRloQIDaiafiODyEXT84diPJL46X2dcG5+jVYkXAZUOk6p0ZKUA==",
      "dev": true,
      "requires": {
        "es-content-type": "^0.1.0",
        "es-mime-types": "^0.1.4"
      }
    },
    "@tinyhttp/url": {
      "version": "2.0.7",
      "resolved": "https://registry.npmjs.org/@tinyhttp/url/-/url-2.0.7.tgz",
      "integrity": "sha512-t2MDbvkT2K9hMpkvkWO7InQDalV8PsVNBKN9CqWr/AgEw+6d8mPlQCWjl/hV5bIvL6u6usSJg56JQub3Fh/P7w==",
      "dev": true
    },
    "colorette": {
      "version": "1.4.0",
      "resolved": "https://registry.npmjs.org/colorette/-/colorette-1.4.0.tgz",
      "integrity": "sha512-Y2oEozpomLn7Q3HFP7dpww7AtMJplbM9lGZP6RDfHqmbeRjiwRg4n6VM6j4KLmRke85uWEI7JqF17f3pqdRA0g==",
      "dev": true
    },
    "dayjs": {
      "version": "1.11.6",
      "resolved": "https://registry.npmjs.org/dayjs/-/dayjs-1.11.6.tgz",
      "integrity": "sha512-zZbY5giJAinCG+7AGaw0wIhNZ6J8AhWuSXKvuc1KAyMiRsvGQWqh4L+MomvhdAYjN+lqvVCMq1I41e3YHvXkyQ==",
      "dev": true
    },
    "es-content-type": {
      "version": "0.1.0",
      "resolved": "https://registry.npmjs.org/es-content-type/-/es-content-type-0.1.0.tgz",
      "integrity": "sha512-DqWU9pSzhNlO10q+NQ/KebImLkKbwbcy0pSv3hNQfEpKFHsrqDJz2vajpZdq7nkiG9DoJcTh22oHGymp7XJd9g==",
      "dev": true
    },
    "es-escape-html": {
      "version": "0.1.1",
      "resolved": "https://registry.npmjs.org/es-escape-html/-/es-escape-html-0.1.1.tgz",
      "integrity": "sha512-yUx1o+8RsG7UlszmYPtks+dm6Lho2m8lgHMOsLJQsFI0R8XwUJwiMhM1M4E/S8QLeGyf6MkDV/pWgjQ0tdTSyQ==",
      "dev": true
    },
    "es-fresh": {
      "version": "0.0.10",
      "resolved": "https://registry.npmjs.org/es-fresh/-/es-fresh-0.0.10.tgz",
      "integrity": "sha512-/e5etUqtxj7JktALldpsDNC84DOHavN9PqojnTTGeX1M2/Q4/SF8d55d7AsB3n66WYS43hdBbn0sAllto5kSIg==",
      "dev": true
    },
    "es-mime-types": {
      "version": "0.1.4",
      "resolved": "https://registry.npmjs.org/es-mime-types/-/es-mime-types-0.1.4.tgz",
      "integrity": "sha512-rUrmfrUIHU/4ykYB+YH80LDiSpmn6sE/A9E8EsFZP4LCtf/PH+ju6d6goFJ8fsGf81pRtQn1cJSmp8JGA9YkfQ==",
      "dev": true,
      "requires": {
        "mime-db": "^1.50.0"
      }
    },
    "es-vary": {
      "version": "0.1.2",
      "resolved": "https://registry.npmjs.org/es-vary/-/es-vary-0.1.2.tgz",
      "integrity": "sha512-pLqqZoOutAXQXyBJrUYVNM5fZngiOJYi1Xl4svQMrluTsqDUOQlBMw9EYgLrsWL6niDYn/Yd1y2Pj6GC+j/yjA==",
      "dev": true
    },
    "header-range-parser": {
      "version": "1.1.3",
      "resolved": "https://registry.npmjs.org/header-range-parser/-/header-range-parser-1.1.3.tgz",
      "integrity": "sha512-B9zCFt3jH8g09LR1vHL4pcAn8yMEtlSlOUdQemzHMRKMImNIhhszdeosYFfNW0WXKQtXIlWB+O4owHJKvEJYaA==",
      "dev": true
    },
    "http-status-emojis": {
      "version": "2.2.0",
      "resolved": "https://registry.npmjs.org/http-status-emojis/-/http-status-emojis-2.2.0.tgz",
      "integrity": "sha512-ompKtgwpx8ff0hsbpIB7oE4ax1LXoHmftsHHStMELX56ivG3GhofTX8ZHWlUaFKfGjcGjw6G3rPk7dJRXMmbbg==",
      "dev": true
    },
    "import-meta-resolve": {
      "version": "2.1.0",
      "resolved": "https://registry.npmjs.org/import-meta-resolve/-/import-meta-resolve-2.1.0.tgz",
      "integrity": "sha512-yG9pxkWJVTy4cmRsNWE3ztFdtFuYIV8G4N+cbCkO8b+qngkLyIUhxQFuZ0qJm67+0nUOxjMPT7nfksPKza1v2g=="
    },
    "ipaddr.js": {
      "version": "2.0.1",
      "resolved": "https://registry.npmjs.org/ipaddr.js/-/ipaddr.js-2.0.1.tgz",
      "integrity": "sha512-1qTgH9NG+IIJ4yfKs2e6Pp1bZg8wbDbKHT21HrLIeYBTRLgMYKnMTPAuI3Lcs61nfx5h1xlXnbJtH1kX5/d/ng==",
      "dev": true
    },
    "milliparsec": {
      "version": "2.2.2",
      "resolved": "https://registry.npmjs.org/milliparsec/-/milliparsec-2.2.2.tgz",
      "integrity": "sha512-TvAwN6RwLpdeY8+ly4JHxC8fTE5wS1rpg3BpltJd9W7oiY4yZtlCsfIXeLw493p3+9ihpTtvQ6ovnTp3o11wyQ==",
      "dev": true
    },
    "mime-db": {
      "version": "1.52.0",
      "resolved": "https://registry.npmjs.org/mime-db/-/mime-db-1.52.0.tgz",
      "integrity": "sha512-sPU4uV7dYlvtWJxwwxHD0PuihVNiE7TyAbQ5SWxDCB9mUYvOgroQOwYQQOKPJ8CIbE+1ETVlOoK1UC2nU3gYvg==",
      "dev": true
    },
    "nbb": {
      "version": "1.0.140",
      "resolved": "https://registry.npmjs.org/nbb/-/nbb-1.0.140.tgz",
      "integrity": "sha512-IwxfMCnveHV0VhPrONKXH9PkN+bYAUTk+fv3kYHhvq4Ajqs+EnrqgZSymdgiB5e0kny/TaHEtxE1k89RpdKCng==",
      "requires": {
        "import-meta-resolve": "^2.1.0"
      }
    },
    "negotiator": {
      "version": "0.6.3",
      "resolved": "https://registry.npmjs.org/negotiator/-/negotiator-0.6.3.tgz",
      "integrity": "sha512-+EUsqGPLsM+j/zdChZjsnX51g4XrHFOIXwfnCVPGlQk/k5giakcKsuxCObBRu6DSm9opw/O6slWbJdghQM4bBg==",
      "dev": true
    },
    "regexparam": {
      "version": "2.0.1",
      "resolved": "https://registry.npmjs.org/regexparam/-/regexparam-2.0.1.tgz",
      "integrity": "sha512-zRgSaYemnNYxUv+/5SeoHI0eJIgTL/A2pUtXUPLHQxUldagouJ9p+K6IbIZ/JiQuCEv2E2B1O11SjVQy3aMCkw==",
      "dev": true
    }
  }
}
